// !$*UTF8*$!
{
	archiveVersion = 1;
	classes = {
	};
	objectVersion = 51;
	objects = {

/* Begin PBXBuildFile section */
		A7467FFDED25C6B5C663D238 /* Pods_we_note.framework in Frameworks */ = {isa = PBXBuildFile; fileRef = 7ADE6031E6C9F33AB7EA93A3 /* Pods_we_note.framework */; };
		D90F6D9E25CCA18200001686 /* AppDelegate.swift in Sources */ = {isa = PBXBuildFile; fileRef = D90F6D9D25CCA18200001686 /* AppDelegate.swift */; };
		D90F6DA225CCA18300001686 /* LoginViewController.swift in Sources */ = {isa = PBXBuildFile; fileRef = D90F6DA125CCA18300001686 /* LoginViewController.swift */; };
		D90F6DA525CCA18300001686 /* Main.storyboard in Resources */ = {isa = PBXBuildFile; fileRef = D90F6DA325CCA18300001686 /* Main.storyboard */; };
		D90F6DA725CCA18300001686 /* Assets.xcassets in Resources */ = {isa = PBXBuildFile; fileRef = D90F6DA625CCA18300001686 /* Assets.xcassets */; };
		D90F6DAA25CCA18300001686 /* LaunchScreen.storyboard in Resources */ = {isa = PBXBuildFile; fileRef = D90F6DA825CCA18300001686 /* LaunchScreen.storyboard */; };
		D90F6DBF25CCA27100001686 /* LoginView.swift in Sources */ = {isa = PBXBuildFile; fileRef = D90F6DBE25CCA27100001686 /* LoginView.swift */; };
		D90F6DC225CCA71700001686 /* SignupViewController.swift in Sources */ = {isa = PBXBuildFile; fileRef = D90F6DC125CCA71700001686 /* SignupViewController.swift */; };
		D90F6DC525CCA74000001686 /* SignupView.swift in Sources */ = {isa = PBXBuildFile; fileRef = D90F6DC425CCA74000001686 /* SignupView.swift */; };
		D90F6DC825CCAA7F00001686 /* NotesViewController.swift in Sources */ = {isa = PBXBuildFile; fileRef = D90F6DC725CCAA7F00001686 /* NotesViewController.swift */; };
		D90F6DCB25CCAA8F00001686 /* NotesView.swift in Sources */ = {isa = PBXBuildFile; fileRef = D90F6DCA25CCAA8F00001686 /* NotesView.swift */; };
		D90F6DCF25CCAE8F00001686 /* Note.swift in Sources */ = {isa = PBXBuildFile; fileRef = D90F6DCE25CCAE8F00001686 /* Note.swift */; };
		D90F6DD325CCAF9400001686 /* NoteDescribeViewController.swift in Sources */ = {isa = PBXBuildFile; fileRef = D90F6DD225CCAF9400001686 /* NoteDescribeViewController.swift */; };
		D90F6DD625CCAFBE00001686 /* NoteDescribeView.swift in Sources */ = {isa = PBXBuildFile; fileRef = D90F6DD525CCAFBE00001686 /* NoteDescribeView.swift */; };
		D90F6DD925CCBC8A00001686 /* NoteMetaDataViewController.swift in Sources */ = {isa = PBXBuildFile; fileRef = D90F6DD825CCBC8A00001686 /* NoteMetaDataViewController.swift */; };
		D90F6DDC25CCBCBD00001686 /* NoteMetaDataView.swift in Sources */ = {isa = PBXBuildFile; fileRef = D90F6DDB25CCBCBD00001686 /* NoteMetaDataView.swift */; };
		D90F6DE625CCC27600001686 /* NoteCellTableViewCell.swift in Sources */ = {isa = PBXBuildFile; fileRef = D90F6DE425CCC27600001686 /* NoteCellTableViewCell.swift */; };
		D90F6DE725CCC27600001686 /* NoteCellTableViewCell.xib in Resources */ = {isa = PBXBuildFile; fileRef = D90F6DE525CCC27600001686 /* NoteCellTableViewCell.xib */; };
		D9C0A00325CCCEA600EFE973 /* GoogleService-Info.plist in Resources */ = {isa = PBXBuildFile; fileRef = D9C0A00225CCCEA600EFE973 /* GoogleService-Info.plist */; };
		D9C0A01E25CCD06D00EFE973 /* FirebaseNetworking.swift in Sources */ = {isa = PBXBuildFile; fileRef = D9C0A01D25CCD06D00EFE973 /* FirebaseNetworking.swift */; };
		D9C0A03A25CCD40700EFE973 /* Tools.swift in Sources */ = {isa = PBXBuildFile; fileRef = D9C0A03925CCD40700EFE973 /* Tools.swift */; };
/* End PBXBuildFile section */

/* Begin PBXFileReference section */
		7ADE6031E6C9F33AB7EA93A3 /* Pods_we_note.framework */ = {isa = PBXFileReference; explicitFileType = wrapper.framework; includeInIndex = 0; path = Pods_we_note.framework; sourceTree = BUILT_PRODUCTS_DIR; };
		B3A8E95A69BA4EE47835DDEE /* Pods-we note.release.xcconfig */ = {isa = PBXFileReference; includeInIndex = 1; lastKnownFileType = text.xcconfig; name = "Pods-we note.release.xcconfig"; path = "Target Support Files/Pods-we note/Pods-we note.release.xcconfig"; sourceTree = "<group>"; };
		D105EF0760BD173F708B2D95 /* Pods-we note.debug.xcconfig */ = {isa = PBXFileReference; includeInIndex = 1; lastKnownFileType = text.xcconfig; name = "Pods-we note.debug.xcconfig"; path = "Target Support Files/Pods-we note/Pods-we note.debug.xcconfig"; sourceTree = "<group>"; };
		D90F6D9A25CCA18200001686 /* we note.app */ = {isa = PBXFileReference; explicitFileType = wrapper.application; includeInIndex = 0; path = "we note.app"; sourceTree = BUILT_PRODUCTS_DIR; };
		D90F6D9D25CCA18200001686 /* AppDelegate.swift */ = {isa = PBXFileReference; lastKnownFileType = sourcecode.swift; path = AppDelegate.swift; sourceTree = "<group>"; };
		D90F6DA125CCA18300001686 /* LoginViewController.swift */ = {isa = PBXFileReference; lastKnownFileType = sourcecode.swift; path = LoginViewController.swift; sourceTree = "<group>"; };
		D90F6DA425CCA18300001686 /* Base */ = {isa = PBXFileReference; lastKnownFileType = file.storyboard; name = Base; path = Base.lproj/Main.storyboard; sourceTree = "<group>"; };
		D90F6DA625CCA18300001686 /* Assets.xcassets */ = {isa = PBXFileReference; lastKnownFileType = folder.assetcatalog; path = Assets.xcassets; sourceTree = "<group>"; };
		D90F6DA925CCA18300001686 /* Base */ = {isa = PBXFileReference; lastKnownFileType = file.storyboard; name = Base; path = Base.lproj/LaunchScreen.storyboard; sourceTree = "<group>"; };
		D90F6DAB25CCA18300001686 /* Info.plist */ = {isa = PBXFileReference; lastKnownFileType = text.plist.xml; path = Info.plist; sourceTree = "<group>"; };
		D90F6DBE25CCA27100001686 /* LoginView.swift */ = {isa = PBXFileReference; lastKnownFileType = sourcecode.swift; path = LoginView.swift; sourceTree = "<group>"; };
		D90F6DC125CCA71700001686 /* SignupViewController.swift */ = {isa = PBXFileReference; lastKnownFileType = sourcecode.swift; path = SignupViewController.swift; sourceTree = "<group>"; };
		D90F6DC425CCA74000001686 /* SignupView.swift */ = {isa = PBXFileReference; lastKnownFileType = sourcecode.swift; path = SignupView.swift; sourceTree = "<group>"; };
		D90F6DC725CCAA7F00001686 /* NotesViewController.swift */ = {isa = PBXFileReference; lastKnownFileType = sourcecode.swift; path = NotesViewController.swift; sourceTree = "<group>"; };
		D90F6DCA25CCAA8F00001686 /* NotesView.swift */ = {isa = PBXFileReference; lastKnownFileType = sourcecode.swift; path = NotesView.swift; sourceTree = "<group>"; };
		D90F6DCE25CCAE8F00001686 /* Note.swift */ = {isa = PBXFileReference; lastKnownFileType = sourcecode.swift; path = Note.swift; sourceTree = "<group>"; };
		D90F6DD225CCAF9400001686 /* NoteDescribeViewController.swift */ = {isa = PBXFileReference; lastKnownFileType = sourcecode.swift; path = NoteDescribeViewController.swift; sourceTree = "<group>"; };
		D90F6DD525CCAFBE00001686 /* NoteDescribeView.swift */ = {isa = PBXFileReference; lastKnownFileType = sourcecode.swift; path = NoteDescribeView.swift; sourceTree = "<group>"; };
		D90F6DD825CCBC8A00001686 /* NoteMetaDataViewController.swift */ = {isa = PBXFileReference; lastKnownFileType = sourcecode.swift; path = NoteMetaDataViewController.swift; sourceTree = "<group>"; };
		D90F6DDB25CCBCBD00001686 /* NoteMetaDataView.swift */ = {isa = PBXFileReference; lastKnownFileType = sourcecode.swift; path = NoteMetaDataView.swift; sourceTree = "<group>"; };
		D90F6DE425CCC27600001686 /* NoteCellTableViewCell.swift */ = {isa = PBXFileReference; lastKnownFileType = sourcecode.swift; path = NoteCellTableViewCell.swift; sourceTree = "<group>"; };
		D90F6DE525CCC27600001686 /* NoteCellTableViewCell.xib */ = {isa = PBXFileReference; lastKnownFileType = file.xib; path = NoteCellTableViewCell.xib; sourceTree = "<group>"; };
		D9C0A00225CCCEA600EFE973 /* GoogleService-Info.plist */ = {isa = PBXFileReference; fileEncoding = 4; lastKnownFileType = text.plist.xml; path = "GoogleService-Info.plist"; sourceTree = "<group>"; };
		D9C0A01D25CCD06D00EFE973 /* FirebaseNetworking.swift */ = {isa = PBXFileReference; lastKnownFileType = sourcecode.swift; path = FirebaseNetworking.swift; sourceTree = "<group>"; };
		D9C0A03925CCD40700EFE973 /* Tools.swift */ = {isa = PBXFileReference; lastKnownFileType = sourcecode.swift; path = Tools.swift; sourceTree = "<group>"; };
/* End PBXFileReference section */

/* Begin PBXFrameworksBuildPhase section */
		D90F6D9725CCA18200001686 /* Frameworks */ = {
			isa = PBXFrameworksBuildPhase;
			buildActionMask = 2147483647;
			files = (
				A7467FFDED25C6B5C663D238 /* Pods_we_note.framework in Frameworks */,
			);
			runOnlyForDeploymentPostprocessing = 0;
		};
/* End PBXFrameworksBuildPhase section */

/* Begin PBXGroup section */
		6EEB2877D4F9829C87CFB22B /* Pods */ = {
			isa = PBXGroup;
			children = (
				D105EF0760BD173F708B2D95 /* Pods-we note.debug.xcconfig */,
				B3A8E95A69BA4EE47835DDEE /* Pods-we note.release.xcconfig */,
			);
			path = Pods;
			sourceTree = "<group>";
		};
		AA52AD6158E3D3890FDF3E03 /* Frameworks */ = {
			isa = PBXGroup;
			children = (
				7ADE6031E6C9F33AB7EA93A3 /* Pods_we_note.framework */,
			);
			name = Frameworks;
			sourceTree = "<group>";
		};
		D90F6D9125CCA18200001686 = {
			isa = PBXGroup;
			children = (
				D90F6D9C25CCA18200001686 /* we note */,
				D90F6D9B25CCA18200001686 /* Products */,
				6EEB2877D4F9829C87CFB22B /* Pods */,
				AA52AD6158E3D3890FDF3E03 /* Frameworks */,
			);
			sourceTree = "<group>";
		};
		D90F6D9B25CCA18200001686 /* Products */ = {
			isa = PBXGroup;
			children = (
				D90F6D9A25CCA18200001686 /* we note.app */,
			);
			name = Products;
			sourceTree = "<group>";
		};
		D90F6D9C25CCA18200001686 /* we note */ = {
			isa = PBXGroup;
			children = (
				D90F6DB425CCA1D400001686 /* App Delegate */,
				D9C0A01C25CCD03900EFE973 /* Firebase Networking */,
				D9C0A03825CCD3F100EFE973 /* Tools */,
				D90F6DCD25CCAE7C00001686 /* Models */,
				D90F6DB625CCA1E000001686 /* Controllers */,
				D90F6DB825CCA1EE00001686 /* Views */,
				D90F6DBA25CCA1F700001686 /* Assets */,
			);
			path = "we note";
			sourceTree = "<group>";
		};
		D90F6DB425CCA1D400001686 /* App Delegate */ = {
			isa = PBXGroup;
			children = (
				D90F6D9D25CCA18200001686 /* AppDelegate.swift */,
			);
			path = "App Delegate";
			sourceTree = "<group>";
		};
		D90F6DB625CCA1E000001686 /* Controllers */ = {
			isa = PBXGroup;
			children = (
				D90F6DA125CCA18300001686 /* LoginViewController.swift */,
				D90F6DBE25CCA27100001686 /* LoginView.swift */,
				D90F6DC125CCA71700001686 /* SignupViewController.swift */,
				D90F6DC425CCA74000001686 /* SignupView.swift */,
				D90F6DC725CCAA7F00001686 /* NotesViewController.swift */,
				D90F6DCA25CCAA8F00001686 /* NotesView.swift */,
				D90F6DD225CCAF9400001686 /* NoteDescribeViewController.swift */,
				D90F6DD525CCAFBE00001686 /* NoteDescribeView.swift */,
				D90F6DD825CCBC8A00001686 /* NoteMetaDataViewController.swift */,
				D90F6DDB25CCBCBD00001686 /* NoteMetaDataView.swift */,
			);
			path = Controllers;
			sourceTree = "<group>";
		};
		D90F6DB825CCA1EE00001686 /* Views */ = {
			isa = PBXGroup;
			children = (
				D90F6DA325CCA18300001686 /* Main.storyboard */,
				D90F6DA825CCA18300001686 /* LaunchScreen.storyboard */,
				D90F6DE325CCC25900001686 /* Cell */,
			);
			path = Views;
			sourceTree = "<group>";
		};
		D90F6DBA25CCA1F700001686 /* Assets */ = {
			isa = PBXGroup;
			children = (
				D9C0A00225CCCEA600EFE973 /* GoogleService-Info.plist */,
				D90F6DA625CCA18300001686 /* Assets.xcassets */,
				D90F6DAB25CCA18300001686 /* Info.plist */,
			);
			path = Assets;
			sourceTree = "<group>";
		};
		D90F6DCD25CCAE7C00001686 /* Models */ = {
			isa = PBXGroup;
			children = (
				D90F6DCE25CCAE8F00001686 /* Note.swift */,
			);
			path = Models;
			sourceTree = "<group>";
		};
		D90F6DE325CCC25900001686 /* Cell */ = {
			isa = PBXGroup;
			children = (
				D90F6DE425CCC27600001686 /* NoteCellTableViewCell.swift */,
				D90F6DE525CCC27600001686 /* NoteCellTableViewCell.xib */,
			);
			path = Cell;
			sourceTree = "<group>";
		};
		D9C0A01C25CCD03900EFE973 /* Firebase Networking */ = {
			isa = PBXGroup;
			children = (
				D9C0A01D25CCD06D00EFE973 /* FirebaseNetworking.swift */,
			);
			path = "Firebase Networking";
			sourceTree = "<group>";
		};
		D9C0A03825CCD3F100EFE973 /* Tools */ = {
			isa = PBXGroup;
			children = (
				D9C0A03925CCD40700EFE973 /* Tools.swift */,
			);
			path = Tools;
			sourceTree = "<group>";
		};
/* End PBXGroup section */

/* Begin PBXNativeTarget section */
		D90F6D9925CCA18200001686 /* we note */ = {
			isa = PBXNativeTarget;
			buildConfigurationList = D90F6DAE25CCA18300001686 /* Build configuration list for PBXNativeTarget "we note" */;
			buildPhases = (
				9D397AF1B67649A550DD6B48 /* [CP] Check Pods Manifest.lock */,
				D90F6D9625CCA18200001686 /* Sources */,
				D90F6D9725CCA18200001686 /* Frameworks */,
				D90F6D9825CCA18200001686 /* Resources */,
				37987C08574108D1F96A52B9 /* [CP] Embed Pods Frameworks */,
			);
			buildRules = (
			);
			dependencies = (
			);
			name = "we note";
			productName = "we note";
			productReference = D90F6D9A25CCA18200001686 /* we note.app */;
			productType = "com.apple.product-type.application";
		};
/* End PBXNativeTarget section */

/* Begin PBXProject section */
		D90F6D9225CCA18200001686 /* Project object */ = {
			isa = PBXProject;
			attributes = {
				LastSwiftUpdateCheck = 1220;
				LastUpgradeCheck = 1220;
				TargetAttributes = {
					D90F6D9925CCA18200001686 = {
						CreatedOnToolsVersion = 12.2;
					};
				};
			};
			buildConfigurationList = D90F6D9525CCA18200001686 /* Build configuration list for PBXProject "we note" */;
			compatibilityVersion = "Xcode 9.3";
			developmentRegion = en;
			hasScannedForEncodings = 0;
			knownRegions = (
				en,
				Base,
			);
			mainGroup = D90F6D9125CCA18200001686;
			productRefGroup = D90F6D9B25CCA18200001686 /* Products */;
			projectDirPath = "";
			projectRoot = "";
			targets = (
				D90F6D9925CCA18200001686 /* we note */,
			);
		};
/* End PBXProject section */

/* Begin PBXResourcesBuildPhase section */
		D90F6D9825CCA18200001686 /* Resources */ = {
			isa = PBXResourcesBuildPhase;
			buildActionMask = 2147483647;
			files = (
				D90F6DAA25CCA18300001686 /* LaunchScreen.storyboard in Resources */,
				D90F6DA725CCA18300001686 /* Assets.xcassets in Resources */,
				D9C0A00325CCCEA600EFE973 /* GoogleService-Info.plist in Resources */,
				D90F6DA525CCA18300001686 /* Main.storyboard in Resources */,
				D90F6DE725CCC27600001686 /* NoteCellTableViewCell.xib in Resources */,
			);
			runOnlyForDeploymentPostprocessing = 0;
		};
/* End PBXResourcesBuildPhase section */

/* Begin PBXShellScriptBuildPhase section */
		37987C08574108D1F96A52B9 /* [CP] Embed Pods Frameworks */ = {
			isa = PBXShellScriptBuildPhase;
			buildActionMask = 2147483647;
			files = (
			);
			inputFileListPaths = (
				"${PODS_ROOT}/Target Support Files/Pods-we note/Pods-we note-frameworks-${CONFIGURATION}-input-files.xcfilelist",
			);
			name = "[CP] Embed Pods Frameworks";
			outputFileListPaths = (
				"${PODS_ROOT}/Target Support Files/Pods-we note/Pods-we note-frameworks-${CONFIGURATION}-output-files.xcfilelist",
			);
			runOnlyForDeploymentPostprocessing = 0;
			shellPath = /bin/sh;
			shellScript = "\"${PODS_ROOT}/Target Support Files/Pods-we note/Pods-we note-frameworks.sh\"\n";
			showEnvVarsInLog = 0;
		};
		9D397AF1B67649A550DD6B48 /* [CP] Check Pods Manifest.lock */ = {
			isa = PBXShellScriptBuildPhase;
			buildActionMask = 2147483647;
			files = (
			);
			inputFileListPaths = (
			);
			inputPaths = (
				"${PODS_PODFILE_DIR_PATH}/Podfile.lock",
				"${PODS_ROOT}/Manifest.lock",
			);
			name = "[CP] Check Pods Manifest.lock";
			outputFileListPaths = (
			);
			outputPaths = (
				"$(DERIVED_FILE_DIR)/Pods-we note-checkManifestLockResult.txt",
			);
			runOnlyForDeploymentPostprocessing = 0;
			shellPath = /bin/sh;
			shellScript = "diff \"${PODS_PODFILE_DIR_PATH}/Podfile.lock\" \"${PODS_ROOT}/Manifest.lock\" > /dev/null\nif [ $? != 0 ] ; then\n    # print error to STDERR\n    echo \"error: The sandbox is not in sync with the Podfile.lock. Run 'pod install' or update your CocoaPods installation.\" >&2\n    exit 1\nfi\n# This output is used by Xcode 'outputs' to avoid re-running this script phase.\necho \"SUCCESS\" > \"${SCRIPT_OUTPUT_FILE_0}\"\n";
			showEnvVarsInLog = 0;
		};
/* End PBXShellScriptBuildPhase section */

/* Begin PBXSourcesBuildPhase section */
		D90F6D9625CCA18200001686 /* Sources */ = {
			isa = PBXSourcesBuildPhase;
			buildActionMask = 2147483647;
			files = (
				D90F6DCB25CCAA8F00001686 /* NotesView.swift in Sources */,
				D90F6DBF25CCA27100001686 /* LoginView.swift in Sources */,
				D90F6DE625CCC27600001686 /* NoteCellTableViewCell.swift in Sources */,
				D90F6DA225CCA18300001686 /* LoginViewController.swift in Sources */,
				D90F6DDC25CCBCBD00001686 /* NoteMetaDataView.swift in Sources */,
				D90F6DD625CCAFBE00001686 /* NoteDescribeView.swift in Sources */,
				D90F6DD325CCAF9400001686 /* NoteDescribeViewController.swift in Sources */,
				D90F6DCF25CCAE8F00001686 /* Note.swift in Sources */,
				D9C0A01E25CCD06D00EFE973 /* FirebaseNetworking.swift in Sources */,
				D9C0A03A25CCD40700EFE973 /* Tools.swift in Sources */,
				D90F6DC825CCAA7F00001686 /* NotesViewController.swift in Sources */,
				D90F6DC225CCA71700001686 /* SignupViewController.swift in Sources */,
				D90F6DD925CCBC8A00001686 /* NoteMetaDataViewController.swift in Sources */,
				D90F6D9E25CCA18200001686 /* AppDelegate.swift in Sources */,
				D90F6DC525CCA74000001686 /* SignupView.swift in Sources */,
			);
			runOnlyForDeploymentPostprocessing = 0;
		};
/* End PBXSourcesBuildPhase section */

/* Begin PBXVariantGroup section */
		D90F6DA325CCA18300001686 /* Main.storyboard */ = {
			isa = PBXVariantGroup;
			children = (
				D90F6DA425CCA18300001686 /* Base */,
			);
			name = Main.storyboard;
			sourceTree = "<group>";
		};
		D90F6DA825CCA18300001686 /* LaunchScreen.storyboard */ = {
			isa = PBXVariantGroup;
			children = (
				D90F6DA925CCA18300001686 /* Base */,
			);
			name = LaunchScreen.storyboard;
			sourceTree = "<group>";
		};
/* End PBXVariantGroup section */

/* Begin XCBuildConfiguration section */
		D90F6DAC25CCA18300001686 /* Debug */ = {
			isa = XCBuildConfiguration;
			buildSettings = {
				ALWAYS_SEARCH_USER_PATHS = NO;
				CLANG_ANALYZER_NONNULL = YES;
				CLANG_ANALYZER_NUMBER_OBJECT_CONVERSION = YES_AGGRESSIVE;
				CLANG_CXX_LANGUAGE_STANDARD = "gnu++14";
				CLANG_CXX_LIBRARY = "libc++";
				CLANG_ENABLE_MODULES = YES;
				CLANG_ENABLE_OBJC_ARC = YES;
				CLANG_ENABLE_OBJC_WEAK = YES;
				CLANG_WARN_BLOCK_CAPTURE_AUTORELEASING = YES;
				CLANG_WARN_BOOL_CONVERSION = YES;
				CLANG_WARN_COMMA = YES;
				CLANG_WARN_CONSTANT_CONVERSION = YES;
				CLANG_WARN_DEPRECATED_OBJC_IMPLEMENTATIONS = YES;
				CLANG_WARN_DIRECT_OBJC_ISA_USAGE = YES_ERROR;
				CLANG_WARN_DOCUMENTATION_COMMENTS = YES;
				CLANG_WARN_EMPTY_BODY = YES;
				CLANG_WARN_ENUM_CONVERSION = YES;
				CLANG_WARN_INFINITE_RECURSION = YES;
				CLANG_WARN_INT_CONVERSION = YES;
				CLANG_WARN_NON_LITERAL_NULL_CONVERSION = YES;
				CLANG_WARN_OBJC_IMPLICIT_RETAIN_SELF = YES;
				CLANG_WARN_OBJC_LITERAL_CONVERSION = YES;
				CLANG_WARN_OBJC_ROOT_CLASS = YES_ERROR;
				CLANG_WARN_QUOTED_INCLUDE_IN_FRAMEWORK_HEADER = YES;
				CLANG_WARN_RANGE_LOOP_ANALYSIS = YES;
				CLANG_WARN_STRICT_PROTOTYPES = YES;
				CLANG_WARN_SUSPICIOUS_MOVE = YES;
				CLANG_WARN_UNGUARDED_AVAILABILITY = YES_AGGRESSIVE;
				CLANG_WARN_UNREACHABLE_CODE = YES;
				CLANG_WARN__DUPLICATE_METHOD_MATCH = YES;
				COPY_PHASE_STRIP = NO;
				DEBUG_INFORMATION_FORMAT = dwarf;
				ENABLE_STRICT_OBJC_MSGSEND = YES;
				ENABLE_TESTABILITY = YES;
				GCC_C_LANGUAGE_STANDARD = gnu11;
				GCC_DYNAMIC_NO_PIC = NO;
				GCC_NO_COMMON_BLOCKS = YES;
				GCC_OPTIMIZATION_LEVEL = 0;
				GCC_PREPROCESSOR_DEFINITIONS = (
					"DEBUG=1",
					"$(inherited)",
				);
				GCC_WARN_64_TO_32_BIT_CONVERSION = YES;
				GCC_WARN_ABOUT_RETURN_TYPE = YES_ERROR;
				GCC_WARN_UNDECLARED_SELECTOR = YES;
				GCC_WARN_UNINITIALIZED_AUTOS = YES_AGGRESSIVE;
				GCC_WARN_UNUSED_FUNCTION = YES;
				GCC_WARN_UNUSED_VARIABLE = YES;
				IPHONEOS_DEPLOYMENT_TARGET = 14.2;
				MTL_ENABLE_DEBUG_INFO = INCLUDE_SOURCE;
				MTL_FAST_MATH = YES;
				ONLY_ACTIVE_ARCH = YES;
				SDKROOT = iphoneos;
				SWIFT_ACTIVE_COMPILATION_CONDITIONS = DEBUG;
				SWIFT_OPTIMIZATION_LEVEL = "-Onone";
			};
			name = Debug;
		};
		D90F6DAD25CCA18300001686 /* Release */ = {
			isa = XCBuildConfiguration;
			buildSettings = {
				ALWAYS_SEARCH_USER_PATHS = NO;
				CLANG_ANALYZER_NONNULL = YES;
				CLANG_ANALYZER_NUMBER_OBJECT_CONVERSION = YES_AGGRESSIVE;
				CLANG_CXX_LANGUAGE_STANDARD = "gnu++14";
				CLANG_CXX_LIBRARY = "libc++";
				CLANG_ENABLE_MODULES = YES;
				CLANG_ENABLE_OBJC_ARC = YES;
				CLANG_ENABLE_OBJC_WEAK = YES;
				CLANG_WARN_BLOCK_CAPTURE_AUTORELEASING = YES;
				CLANG_WARN_BOOL_CONVERSION = YES;
				CLANG_WARN_COMMA = YES;
				CLANG_WARN_CONSTANT_CONVERSION = YES;
				CLANG_WARN_DEPRECATED_OBJC_IMPLEMENTATIONS = YES;
				CLANG_WARN_DIRECT_OBJC_ISA_USAGE = YES_ERROR;
				CLANG_WARN_DOCUMENTATION_COMMENTS = YES;
				CLANG_WARN_EMPTY_BODY = YES;
				CLANG_WARN_ENUM_CONVERSION = YES;
				CLANG_WARN_INFINITE_RECURSION = YES;
				CLANG_WARN_INT_CONVERSION = YES;
				CLANG_WARN_NON_LITERAL_NULL_CONVERSION = YES;
				CLANG_WARN_OBJC_IMPLICIT_RETAIN_SELF = YES;
				CLANG_WARN_OBJC_LITERAL_CONVERSION = YES;
				CLANG_WARN_OBJC_ROOT_CLASS = YES_ERROR;
				CLANG_WARN_QUOTED_INCLUDE_IN_FRAMEWORK_HEADER = YES;
				CLANG_WARN_RANGE_LOOP_ANALYSIS = YES;
				CLANG_WARN_STRICT_PROTOTYPES = YES;
				CLANG_WARN_SUSPICIOUS_MOVE = YES;
				CLANG_WARN_UNGUARDED_AVAILABILITY = YES_AGGRESSIVE;
				CLANG_WARN_UNREACHABLE_CODE = YES;
				CLANG_WARN__DUPLICATE_METHOD_MATCH = YES;
				COPY_PHASE_STRIP = NO;
				DEBUG_INFORMATION_FORMAT = "dwarf-with-dsym";
				ENABLE_NS_ASSERTIONS = NO;
				ENABLE_STRICT_OBJC_MSGSEND = YES;
				GCC_C_LANGUAGE_STANDARD = gnu11;
				GCC_NO_COMMON_BLOCKS = YES;
				GCC_WARN_64_TO_32_BIT_CONVERSION = YES;
				GCC_WARN_ABOUT_RETURN_TYPE = YES_ERROR;
				GCC_WARN_UNDECLARED_SELECTOR = YES;
				GCC_WARN_UNINITIALIZED_AUTOS = YES_AGGRESSIVE;
				GCC_WARN_UNUSED_FUNCTION = YES;
				GCC_WARN_UNUSED_VARIABLE = YES;
				IPHONEOS_DEPLOYMENT_TARGET = 14.2;
				MTL_ENABLE_DEBUG_INFO = NO;
				MTL_FAST_MATH = YES;
				SDKROOT = iphoneos;
				SWIFT_COMPILATION_MODE = wholemodule;
				SWIFT_OPTIMIZATION_LEVEL = "-O";
				VALIDATE_PRODUCT = YES;
			};
			name = Release;
		};
		D90F6DAF25CCA18300001686 /* Debug */ = {
			isa = XCBuildConfiguration;
			baseConfigurationReference = D105EF0760BD173F708B2D95 /* Pods-we note.debug.xcconfig */;
			buildSettings = {
				ASSETCATALOG_COMPILER_APPICON_NAME = AppIcon;
				ASSETCATALOG_COMPILER_GLOBAL_ACCENT_COLOR_NAME = AccentColor;
				CODE_SIGN_STYLE = Automatic;
				DEVELOPMENT_TEAM = X4YZSY77G5;
				INFOPLIST_FILE = "$(SRCROOT)/we note/Assets/Info.plist";
				IPHONEOS_DEPLOYMENT_TARGET = 11.0;
				LD_RUNPATH_SEARCH_PATHS = (
					"$(inherited)",
					"@executable_path/Frameworks",
				);
				PRODUCT_BUNDLE_IDENTIFIER = "com.myorganization199.we-note";
				PRODUCT_NAME = "$(TARGET_NAME)";
				SWIFT_VERSION = 5.0;
				TARGETED_DEVICE_FAMILY = "1,2";
			};
			name = Debug;
		};
		D90F6DB025CCA18300001686 /* Release */ = {
			isa = XCBuildConfiguration;
			baseConfigurationReference = B3A8E95A69BA4EE47835DDEE /* Pods-we note.release.xcconfig */;
			buildSettings = {
				ASSETCATALOG_COMPILER_APPICON_NAME = AppIcon;
				ASSETCATALOG_COMPILER_GLOBAL_ACCENT_COLOR_NAME = AccentColor;
				CODE_SIGN_STYLE = Automatic;
				DEVELOPMENT_TEAM = X4YZSY77G5;
				INFOPLIST_FILE = "$(SRCROOT)/we note/Assets/Info.plist";
				IPHONEOS_DEPLOYMENT_TARGET = 11.0;
				LD_RUNPATH_SEARCH_PATHS = (
					"$(inherited)",
					"@executable_path/Frameworks",
				);
				PRODUCT_BUNDLE_IDENTIFIER = "com.myorganization199.we-note";
				PRODUCT_NAME = "$(TARGET_NAME)";
				SWIFT_VERSION = 5.0;
				TARGETED_DEVICE_FAMILY = "1,2";
			};
			name = Release;
		};
/* End XCBuildConfiguration section */

/* Begin XCConfigurationList section */
		D90F6D9525CCA18200001686 /* Build configuration list for PBXProject "we note" */ = {
			isa = XCConfigurationList;
			buildConfigurations = (
				D90F6DAC25CCA18300001686 /* Debug */,
				D90F6DAD25CCA18300001686 /* Release */,
			);
			defaultConfigurationIsVisible = 0;
			defaultConfigurationName = Release;
		};
		D90F6DAE25CCA18300001686 /* Build configuration list for PBXNativeTarget "we note" */ = {
			isa = XCConfigurationList;
			buildConfigurations = (
				D90F6DAF25CCA18300001686 /* Debug */,
				D90F6DB025CCA18300001686 /* Release */,
			);
			defaultConfigurationIsVisible = 0;
			defaultConfigurationName = Release;
		};
/* End XCConfigurationList section */
	};
	rootObject = D90F6D9225CCA18200001686 /* Project object */;
}
